
Microsoft Visual Studio Solution File, Format Version 12.00
# Visual Studio 15
VisualStudioVersion = 15.0.28307.779
MinimumVisualStudioVersion = 10.0.40219.1
Project("{FAE04EC0-301F-11D3-BF4B-00C04F79EFBC}") = "Prog3", "Prog3\Prog3.csproj", "{CFE6F496-1470-44EF-9F97-C4B156038406}"
EndProject
Global
	GlobalSection(SolutionConfigurationPlatforms) = preSolution
		Debug|Any CPU = Debug|Any CPU
		Release|Any CPU = Release|Any CPU
	EndGlobalSection
	GlobalSection(ProjectConfigurationPlatforms) = postSolution
		{CFE6F496-1470-44EF-9F97-C4B156038406}.Debug|Any CPU.ActiveCfg = Debug|Any CPU
		{CFE6F496-1470-44EF-9F97-C4B156038406}.Debug|Any CPU.Build.0 = Debug|Any CPU
		{CFE6F496-1470-44EF-9F97-C4B156038406}.Release|Any CPU.ActiveCfg = Release|Any CPU
		{CFE6F496-1470-44EF-9F97-C4B156038406}.Release|Any CPU.Build.0 = Release|Any CPU
	EndGlobalSection
	GlobalSection(SolutionProperties) = preSolution
		HideSolutionNode = FALSE
	EndGlobalSection
	GlobalSection(ExtensibilityGlobals) = postSolution
		SolutionGuid = {AFD6E20A-AA7F-49C3-8819-10196007AFAE}
	EndGlobalSection
EndGlobal
